
Microsoft Visual Studio Solution File, Format Version 12.00
# Visual Studio Version 16
VisualStudioVersion = 16.0.30621.155
MinimumVisualStudioVersion = 10.0.40219.1
Project("{FAE04EC0-301F-11D3-BF4B-00C04F79EFBC}") = "WebApplication1", "WebApplication1\WebApplication1.csproj", "{0C4A3919-581A-4A8F-B72D-366AC09A90B2}"
EndProject
Global
	GlobalSection(SolutionConfigurationPlatforms) = preSolution
		Debug|Any CPU = Debug|Any CPU
		Release|Any CPU = Release|Any CPU
	EndGlobalSection
	GlobalSection(ProjectConfigurationPlatforms) = postSolution
		{0C4A3919-581A-4A8F-B72D-366AC09A90B2}.Debug|Any CPU.ActiveCfg = Debug|Any CPU
		{0C4A3919-581A-4A8F-B72D-366AC09A90B2}.Debug|Any CPU.Build.0 = Debug|Any CPU
		{0C4A3919-581A-4A8F-B72D-366AC09A90B2}.Release|Any CPU.ActiveCfg = Release|Any CPU
		{0C4A3919-581A-4A8F-B72D-366AC09A90B2}.Release|Any CPU.Build.0 = Release|Any CPU
	EndGlobalSection
	GlobalSection(SolutionProperties) = preSolution
		HideSolutionNode = FALSE
	EndGlobalSection
	GlobalSection(ExtensibilityGlobals) = postSolution
		SolutionGuid = {2C289210-015D-4B41-9446-2BF083DA4816}
	EndGlobalSection
EndGlobal
