
Microsoft Visual Studio Solution File, Format Version 12.00
# Visual Studio Version 16
VisualStudioVersion = 16.0.32002.261
MinimumVisualStudioVersion = 10.0.40219.1
Project("{FAE04EC0-301F-11D3-BF4B-00C04F79EFBC}") = "WAD_C2009L_NguyenVanA", "WAD_C2009L_NguyenVanA\WAD_C2009L_NguyenVanA.csproj", "{B99AB166-EC6A-4941-8641-39A0432C155E}"
EndProject
Global
	GlobalSection(SolutionConfigurationPlatforms) = preSolution
		Debug|Any CPU = Debug|Any CPU
		Release|Any CPU = Release|Any CPU
	EndGlobalSection
	GlobalSection(ProjectConfigurationPlatforms) = postSolution
		{B99AB166-EC6A-4941-8641-39A0432C155E}.Debug|Any CPU.ActiveCfg = Debug|Any CPU
		{B99AB166-EC6A-4941-8641-39A0432C155E}.Debug|Any CPU.Build.0 = Debug|Any CPU
		{B99AB166-EC6A-4941-8641-39A0432C155E}.Release|Any CPU.ActiveCfg = Release|Any CPU
		{B99AB166-EC6A-4941-8641-39A0432C155E}.Release|Any CPU.Build.0 = Release|Any CPU
	EndGlobalSection
	GlobalSection(SolutionProperties) = preSolution
		HideSolutionNode = FALSE
	EndGlobalSection
	GlobalSection(ExtensibilityGlobals) = postSolution
		SolutionGuid = {F961C02A-77F2-46C0-9FD6-EE834478E276}
	EndGlobalSection
EndGlobal
