
Microsoft Visual Studio Solution File, Format Version 12.00
# Visual Studio Version 16
VisualStudioVersion = 16.0.30621.155
MinimumVisualStudioVersion = 10.0.40219.1
Project("{FAE04EC0-301F-11D3-BF4B-00C04F79EFBC}") = "LabModule3", "LabModule3\LabModule3.csproj", "{78BFDA43-66BA-4C61-A149-CEB0EF22A211}"
EndProject
Global
	GlobalSection(SolutionConfigurationPlatforms) = preSolution
		Debug|Any CPU = Debug|Any CPU
		Release|Any CPU = Release|Any CPU
	EndGlobalSection
	GlobalSection(ProjectConfigurationPlatforms) = postSolution
		{78BFDA43-66BA-4C61-A149-CEB0EF22A211}.Debug|Any CPU.ActiveCfg = Debug|Any CPU
		{78BFDA43-66BA-4C61-A149-CEB0EF22A211}.Debug|Any CPU.Build.0 = Debug|Any CPU
		{78BFDA43-66BA-4C61-A149-CEB0EF22A211}.Release|Any CPU.ActiveCfg = Release|Any CPU
		{78BFDA43-66BA-4C61-A149-CEB0EF22A211}.Release|Any CPU.Build.0 = Release|Any CPU
	EndGlobalSection
	GlobalSection(SolutionProperties) = preSolution
		HideSolutionNode = FALSE
	EndGlobalSection
	GlobalSection(ExtensibilityGlobals) = postSolution
		SolutionGuid = {3792F3FF-D264-42AF-B55D-6CF7F1DD1520}
	EndGlobalSection
EndGlobal
